
Microsoft Visual Studio Solution File, Format Version 12.00
# Visual Studio Version 16
VisualStudioVersion = 16.0.30611.23
MinimumVisualStudioVersion = 15.0.26124.0
Project("{FAE04EC0-301F-11D3-BF4B-00C04F79EFBC}") = "AliDent.Objects", "Objects/AliDent.Objects.csproj", "a6f64d1f-3b48-4ae1-8136-30bb0b29404e"
EndProject
Project("{FAE04EC0-301F-11D3-BF4B-00C04F79EFBC}") = "AliDent.Tests", "Tests/AliDent.Tests.csproj", "aae9a2a3-ee01-42e3-8500-5a22ccc7cbc5"
EndProject
Project("{FAE04EC0-301F-11D3-BF4B-00C04F79EFBC}") = "AliDent.ODataBackend", "ODataBackend/AliDent.ODataBackend.csproj", "2e466c8e-97f9-4236-a04c-ec2cb516ba3a"
EndProject
Project("{FAE04EC0-301F-11D3-BF4B-00C04F79EFBC}") = "AliDent.IntegrationTests", "IntegrationTests/AliDent.IntegrationTests.csproj", "671fd548-0edf-472e-9ea4-65e776521269"
EndProject
Global
	GlobalSection(SolutionConfigurationPlatforms) = preSolution
Debug|Any CPU = Debug|Any CPU
Release|Any CPU = Release|Any CPU
	EndGlobalSection
	GlobalSection(ProjectConfigurationPlatforms) = postSolution
		a6f64d1f-3b48-4ae1-8136-30bb0b29404e.Debug|Any CPU.ActiveCfg = Debug|Any CPU
		a6f64d1f-3b48-4ae1-8136-30bb0b29404e.Debug|Any CPU.Build.0 = Debug|Any CPU
		a6f64d1f-3b48-4ae1-8136-30bb0b29404e.Release|Any CPU.ActiveCfg = Release|Any CPU
		a6f64d1f-3b48-4ae1-8136-30bb0b29404e.Release|Any CPU.Build.0 = Release|Any CPU
		aae9a2a3-ee01-42e3-8500-5a22ccc7cbc5.Debug|Any CPU.ActiveCfg = Debug|Any CPU
		aae9a2a3-ee01-42e3-8500-5a22ccc7cbc5.Debug|Any CPU.Build.0 = Debug|Any CPU
		aae9a2a3-ee01-42e3-8500-5a22ccc7cbc5.Release|Any CPU.ActiveCfg = Release|Any CPU
		aae9a2a3-ee01-42e3-8500-5a22ccc7cbc5.Release|Any CPU.Build.0 = Release|Any CPU
		2e466c8e-97f9-4236-a04c-ec2cb516ba3a.Debug|Any CPU.ActiveCfg = Debug|Any CPU
		2e466c8e-97f9-4236-a04c-ec2cb516ba3a.Debug|Any CPU.Build.0 = Debug|Any CPU
		2e466c8e-97f9-4236-a04c-ec2cb516ba3a.Release|Any CPU.ActiveCfg = Release|Any CPU
		2e466c8e-97f9-4236-a04c-ec2cb516ba3a.Release|Any CPU.Build.0 = Release|Any CPU
		671fd548-0edf-472e-9ea4-65e776521269.Debug|Any CPU.ActiveCfg = Debug|Any CPU
		671fd548-0edf-472e-9ea4-65e776521269.Debug|Any CPU.Build.0 = Debug|Any CPU
		671fd548-0edf-472e-9ea4-65e776521269.Release|Any CPU.ActiveCfg = Release|Any CPU
		671fd548-0edf-472e-9ea4-65e776521269.Release|Any CPU.Build.0 = Release|Any CPU
	EndGlobalSection
	GlobalSection(SolutionProperties) = preSolution
		HideSolutionNode = FALSE
	EndGlobalSection
EndGlobal
